// !$*UTF8*$!
{
	archiveVersion = 1;
	classes = {
	};
	objectVersion = 55;
	objects = {

/* Begin PBXBuildFile section */
		BB46D0D828A102D500C19B38 /* main.swift in Sources */ = {isa = PBXBuildFile; fileRef = BB46D0D728A102D500C19B38 /* main.swift */; };
		BB46D0E728A1037500C19B38 /* addTests.swift in Sources */ = {isa = PBXBuildFile; fileRef = BB46D0E628A1037500C19B38 /* addTests.swift */; };
		BB46D0F328A1069A00C19B38 /* add.swift in Sources */ = {isa = PBXBuildFile; fileRef = BB46D0F228A1069A00C19B38 /* add.swift */; };
		BB46D0F428A1069A00C19B38 /* add.swift in Sources */ = {isa = PBXBuildFile; fileRef = BB46D0F228A1069A00C19B38 /* add.swift */; };
		BB46D0F728A1084E00C19B38 /* centuryFromYear.swift in Sources */ = {isa = PBXBuildFile; fileRef = BB46D0F628A1084E00C19B38 /* centuryFromYear.swift */; };
		BB46D0F828A1084E00C19B38 /* centuryFromYear.swift in Sources */ = {isa = PBXBuildFile; fileRef = BB46D0F628A1084E00C19B38 /* centuryFromYear.swift */; };
		BB46D0FB28A108DA00C19B38 /* centuryFromYearTests.swift in Sources */ = {isa = PBXBuildFile; fileRef = BB46D0FA28A108DA00C19B38 /* centuryFromYearTests.swift */; };
		BB552F4828A10C96008EC29A /* checkPalindromeTests.swift in Sources */ = {isa = PBXBuildFile; fileRef = BB552F4728A10C96008EC29A /* checkPalindromeTests.swift */; };
		BBDE969928A10E40001FD545 /* checkPalindrome.swift in Sources */ = {isa = PBXBuildFile; fileRef = BBDE969828A10E40001FD545 /* checkPalindrome.swift */; };
		BBDE969A28A10E40001FD545 /* checkPalindrome.swift in Sources */ = {isa = PBXBuildFile; fileRef = BBDE969828A10E40001FD545 /* checkPalindrome.swift */; };
		BBDE969D28A1103B001FD545 /* adjacentElementsProduct.swift in Sources */ = {isa = PBXBuildFile; fileRef = BBDE969C28A1103B001FD545 /* adjacentElementsProduct.swift */; };
		BBDE969E28A1103B001FD545 /* adjacentElementsProduct.swift in Sources */ = {isa = PBXBuildFile; fileRef = BBDE969C28A1103B001FD545 /* adjacentElementsProduct.swift */; };
		BBDE96A328A1109C001FD545 /* adjacentElementsProductTests.swift in Sources */ = {isa = PBXBuildFile; fileRef = BBDE96A228A1109C001FD545 /* adjacentElementsProductTests.swift */; };
		BBDE96A728A11209001FD545 /* shapeArea.swift in Sources */ = {isa = PBXBuildFile; fileRef = BBDE96A628A11209001FD545 /* shapeArea.swift */; };
		BBDE96A828A11209001FD545 /* shapeArea.swift in Sources */ = {isa = PBXBuildFile; fileRef = BBDE96A628A11209001FD545 /* shapeArea.swift */; };
		BBDE96AA28A11230001FD545 /* shapeAreaTests.swift in Sources */ = {isa = PBXBuildFile; fileRef = BBDE96A928A11230001FD545 /* shapeAreaTests.swift */; };
		BBDE96AC28A113F7001FD545 /* MakeArrayConsecutive2 .swift in Sources */ = {isa = PBXBuildFile; fileRef = BBDE96AB28A113F7001FD545 /* MakeArrayConsecutive2 .swift */; };
		BBDE96AD28A113F7001FD545 /* MakeArrayConsecutive2 .swift in Sources */ = {isa = PBXBuildFile; fileRef = BBDE96AB28A113F7001FD545 /* MakeArrayConsecutive2 .swift */; };
		BBDE96AF28A11417001FD545 /* MakeArrayConsecutive2Tests.swift in Sources */ = {isa = PBXBuildFile; fileRef = BBDE96AE28A11417001FD545 /* MakeArrayConsecutive2Tests.swift */; };
		BBDE96B128A114F7001FD545 /* almostIncreasingSequenceTests.swift in Sources */ = {isa = PBXBuildFile; fileRef = BBDE96B028A114F7001FD545 /* almostIncreasingSequenceTests.swift */; };
		BBDE96B328A114FE001FD545 /* almostIncreasingSequence.swift in Sources */ = {isa = PBXBuildFile; fileRef = BBDE96B228A114FE001FD545 /* almostIncreasingSequence.swift */; };
		BBDE96B428A114FE001FD545 /* almostIncreasingSequence.swift in Sources */ = {isa = PBXBuildFile; fileRef = BBDE96B228A114FE001FD545 /* almostIncreasingSequence.swift */; };
		BBDE96B628A11645001FD545 /* matrixElementsSum.swift in Sources */ = {isa = PBXBuildFile; fileRef = BBDE96B528A11645001FD545 /* matrixElementsSum.swift */; };
		BBDE96B728A11645001FD545 /* matrixElementsSum.swift in Sources */ = {isa = PBXBuildFile; fileRef = BBDE96B528A11645001FD545 /* matrixElementsSum.swift */; };
		BBDE96B928A1167B001FD545 /* matrixElementsSumTests.swift in Sources */ = {isa = PBXBuildFile; fileRef = BBDE96B828A1167B001FD545 /* matrixElementsSumTests.swift */; };
		BBDE96C028A11A3B001FD545 /* AllLongestStrings.swift in Sources */ = {isa = PBXBuildFile; fileRef = BBDE96BF28A11A3B001FD545 /* AllLongestStrings.swift */; };
		BBDE96C128A11A3B001FD545 /* AllLongestStrings.swift in Sources */ = {isa = PBXBuildFile; fileRef = BBDE96BF28A11A3B001FD545 /* AllLongestStrings.swift */; };
		BBDE96C328A11A85001FD545 /* AllLongestStringsTests.swift in Sources */ = {isa = PBXBuildFile; fileRef = BBDE96C228A11A85001FD545 /* AllLongestStringsTests.swift */; };
		BBDE96C528A11C8D001FD545 /* commonCharacterCount.swift in Sources */ = {isa = PBXBuildFile; fileRef = BBDE96C428A11C8D001FD545 /* commonCharacterCount.swift */; };
		BBDE96C628A11C8D001FD545 /* commonCharacterCount.swift in Sources */ = {isa = PBXBuildFile; fileRef = BBDE96C428A11C8D001FD545 /* commonCharacterCount.swift */; };
		BBDE96C828A11D14001FD545 /* commonCharacterCountTests.swift in Sources */ = {isa = PBXBuildFile; fileRef = BBDE96C728A11D14001FD545 /* commonCharacterCountTests.swift */; };
		BBDE96CA28A11E12001FD545 /* isLucky.swift in Sources */ = {isa = PBXBuildFile; fileRef = BBDE96C928A11E12001FD545 /* isLucky.swift */; };
		BBDE96CB28A11E12001FD545 /* isLucky.swift in Sources */ = {isa = PBXBuildFile; fileRef = BBDE96C928A11E12001FD545 /* isLucky.swift */; };
		BBDE96CD28A11E34001FD545 /* isLuckyTests.swift in Sources */ = {isa = PBXBuildFile; fileRef = BBDE96CC28A11E34001FD545 /* isLuckyTests.swift */; };
		BBDE96CF28A12110001FD545 /* SortByHeight .swift in Sources */ = {isa = PBXBuildFile; fileRef = BBDE96CE28A12110001FD545 /* SortByHeight .swift */; };
		BBDE96D028A12110001FD545 /* SortByHeight .swift in Sources */ = {isa = PBXBuildFile; fileRef = BBDE96CE28A12110001FD545 /* SortByHeight .swift */; };
		BBDE96D228A12125001FD545 /* SortByHeightTests.swift in Sources */ = {isa = PBXBuildFile; fileRef = BBDE96D128A12125001FD545 /* SortByHeightTests.swift */; };
/* End PBXBuildFile section */

/* Begin PBXCopyFilesBuildPhase section */
		BB46D0D228A102D500C19B38 /* CopyFiles */ = {
			isa = PBXCopyFilesBuildPhase;
			buildActionMask = 2147483647;
			dstPath = /usr/share/man/man1/;
			dstSubfolderSpec = 0;
			files = (
			);
			runOnlyForDeploymentPostprocessing = 1;
		};
/* End PBXCopyFilesBuildPhase section */

/* Begin PBXFileReference section */
		BB46D0D428A102D500C19B38 /* CodeSignal */ = {isa = PBXFileReference; explicitFileType = "compiled.mach-o.executable"; includeInIndex = 0; path = CodeSignal; sourceTree = BUILT_PRODUCTS_DIR; };
		BB46D0D728A102D500C19B38 /* main.swift */ = {isa = PBXFileReference; lastKnownFileType = sourcecode.swift; path = main.swift; sourceTree = "<group>"; };
		BB46D0E428A1037500C19B38 /* CodeSignalTests.xctest */ = {isa = PBXFileReference; explicitFileType = wrapper.cfbundle; includeInIndex = 0; path = CodeSignalTests.xctest; sourceTree = BUILT_PRODUCTS_DIR; };
		BB46D0E628A1037500C19B38 /* addTests.swift */ = {isa = PBXFileReference; lastKnownFileType = sourcecode.swift; path = addTests.swift; sourceTree = "<group>"; };
		BB46D0F228A1069A00C19B38 /* add.swift */ = {isa = PBXFileReference; lastKnownFileType = sourcecode.swift; path = add.swift; sourceTree = "<group>"; };
		BB46D0F628A1084E00C19B38 /* centuryFromYear.swift */ = {isa = PBXFileReference; lastKnownFileType = sourcecode.swift; path = centuryFromYear.swift; sourceTree = "<group>"; };
		BB46D0FA28A108DA00C19B38 /* centuryFromYearTests.swift */ = {isa = PBXFileReference; lastKnownFileType = sourcecode.swift; path = centuryFromYearTests.swift; sourceTree = "<group>"; };
		BB552F4728A10C96008EC29A /* checkPalindromeTests.swift */ = {isa = PBXFileReference; lastKnownFileType = sourcecode.swift; path = checkPalindromeTests.swift; sourceTree = "<group>"; };
		BBDE969828A10E40001FD545 /* checkPalindrome.swift */ = {isa = PBXFileReference; lastKnownFileType = sourcecode.swift; path = checkPalindrome.swift; sourceTree = "<group>"; };
		BBDE969C28A1103B001FD545 /* adjacentElementsProduct.swift */ = {isa = PBXFileReference; lastKnownFileType = sourcecode.swift; path = adjacentElementsProduct.swift; sourceTree = "<group>"; };
		BBDE96A228A1109C001FD545 /* adjacentElementsProductTests.swift */ = {isa = PBXFileReference; lastKnownFileType = sourcecode.swift; path = adjacentElementsProductTests.swift; sourceTree = "<group>"; };
		BBDE96A628A11209001FD545 /* shapeArea.swift */ = {isa = PBXFileReference; lastKnownFileType = sourcecode.swift; path = shapeArea.swift; sourceTree = "<group>"; };
		BBDE96A928A11230001FD545 /* shapeAreaTests.swift */ = {isa = PBXFileReference; lastKnownFileType = sourcecode.swift; path = shapeAreaTests.swift; sourceTree = "<group>"; };
		BBDE96AB28A113F7001FD545 /* MakeArrayConsecutive2 .swift */ = {isa = PBXFileReference; lastKnownFileType = sourcecode.swift; path = "MakeArrayConsecutive2 .swift"; sourceTree = "<group>"; };
		BBDE96AE28A11417001FD545 /* MakeArrayConsecutive2Tests.swift */ = {isa = PBXFileReference; lastKnownFileType = sourcecode.swift; path = MakeArrayConsecutive2Tests.swift; sourceTree = "<group>"; };
		BBDE96B028A114F7001FD545 /* almostIncreasingSequenceTests.swift */ = {isa = PBXFileReference; lastKnownFileType = sourcecode.swift; path = almostIncreasingSequenceTests.swift; sourceTree = "<group>"; };
		BBDE96B228A114FE001FD545 /* almostIncreasingSequence.swift */ = {isa = PBXFileReference; lastKnownFileType = sourcecode.swift; path = almostIncreasingSequence.swift; sourceTree = "<group>"; };
		BBDE96B528A11645001FD545 /* matrixElementsSum.swift */ = {isa = PBXFileReference; lastKnownFileType = sourcecode.swift; path = matrixElementsSum.swift; sourceTree = "<group>"; };
		BBDE96B828A1167B001FD545 /* matrixElementsSumTests.swift */ = {isa = PBXFileReference; lastKnownFileType = sourcecode.swift; path = matrixElementsSumTests.swift; sourceTree = "<group>"; };
		BBDE96BF28A11A3B001FD545 /* AllLongestStrings.swift */ = {isa = PBXFileReference; lastKnownFileType = sourcecode.swift; path = AllLongestStrings.swift; sourceTree = "<group>"; };
		BBDE96C228A11A85001FD545 /* AllLongestStringsTests.swift */ = {isa = PBXFileReference; lastKnownFileType = sourcecode.swift; path = AllLongestStringsTests.swift; sourceTree = "<group>"; };
		BBDE96C428A11C8D001FD545 /* commonCharacterCount.swift */ = {isa = PBXFileReference; lastKnownFileType = sourcecode.swift; path = commonCharacterCount.swift; sourceTree = "<group>"; };
		BBDE96C728A11D14001FD545 /* commonCharacterCountTests.swift */ = {isa = PBXFileReference; lastKnownFileType = sourcecode.swift; path = commonCharacterCountTests.swift; sourceTree = "<group>"; };
		BBDE96C928A11E12001FD545 /* isLucky.swift */ = {isa = PBXFileReference; lastKnownFileType = sourcecode.swift; path = isLucky.swift; sourceTree = "<group>"; };
		BBDE96CC28A11E34001FD545 /* isLuckyTests.swift */ = {isa = PBXFileReference; lastKnownFileType = sourcecode.swift; path = isLuckyTests.swift; sourceTree = "<group>"; };
		BBDE96CE28A12110001FD545 /* SortByHeight .swift */ = {isa = PBXFileReference; lastKnownFileType = sourcecode.swift; path = "SortByHeight .swift"; sourceTree = "<group>"; };
		BBDE96D128A12125001FD545 /* SortByHeightTests.swift */ = {isa = PBXFileReference; lastKnownFileType = sourcecode.swift; path = SortByHeightTests.swift; sourceTree = "<group>"; };
/* End PBXFileReference section */

/* Begin PBXFrameworksBuildPhase section */
		BB46D0D128A102D500C19B38 /* Frameworks */ = {
			isa = PBXFrameworksBuildPhase;
			buildActionMask = 2147483647;
			files = (
			);
			runOnlyForDeploymentPostprocessing = 0;
		};
		BB46D0E128A1037500C19B38 /* Frameworks */ = {
			isa = PBXFrameworksBuildPhase;
			buildActionMask = 2147483647;
			files = (
			);
			runOnlyForDeploymentPostprocessing = 0;
		};
/* End PBXFrameworksBuildPhase section */

/* Begin PBXGroup section */
		BB46D0CB28A102D500C19B38 = {
			isa = PBXGroup;
			children = (
				BB46D0D628A102D500C19B38 /* CodeSignal */,
				BB46D0E528A1037500C19B38 /* CodeSignalTests */,
				BB46D0D528A102D500C19B38 /* Products */,
			);
			sourceTree = "<group>";
		};
		BB46D0D528A102D500C19B38 /* Products */ = {
			isa = PBXGroup;
			children = (
				BB46D0D428A102D500C19B38 /* CodeSignal */,
				BB46D0E428A1037500C19B38 /* CodeSignalTests.xctest */,
			);
			name = Products;
			sourceTree = "<group>";
		};
		BB46D0D628A102D500C19B38 /* CodeSignal */ = {
			isa = PBXGroup;
			children = (
				BBDE96A428A111CB001FD545 /* Intro */,
				BB46D0D728A102D500C19B38 /* main.swift */,
			);
			path = CodeSignal;
			sourceTree = "<group>";
		};
		BB46D0E528A1037500C19B38 /* CodeSignalTests */ = {
			isa = PBXGroup;
			children = (
				BBDE96A528A111E3001FD545 /* Intro */,
			);
			path = CodeSignalTests;
			sourceTree = "<group>";
		};
		BB46D0F528A1081F00C19B38 /* The Journey Begins */ = {
			isa = PBXGroup;
			children = (
				BB46D0F228A1069A00C19B38 /* add.swift */,
				BB46D0F628A1084E00C19B38 /* centuryFromYear.swift */,
				BBDE969828A10E40001FD545 /* checkPalindrome.swift */,
			);
			path = "The Journey Begins";
			sourceTree = "<group>";
		};
		BB46D0F928A1087700C19B38 /* The Journey Begins Tests */ = {
			isa = PBXGroup;
			children = (
				BB46D0E628A1037500C19B38 /* addTests.swift */,
				BB46D0FA28A108DA00C19B38 /* centuryFromYearTests.swift */,
				BB552F4728A10C96008EC29A /* checkPalindromeTests.swift */,
			);
			path = "The Journey Begins Tests";
			sourceTree = "<group>";
		};
		BBDE969B28A11030001FD545 /* Edge of the Ocean */ = {
			isa = PBXGroup;
			children = (
				BBDE969C28A1103B001FD545 /* adjacentElementsProduct.swift */,
				BBDE96A628A11209001FD545 /* shapeArea.swift */,
				BBDE96AB28A113F7001FD545 /* MakeArrayConsecutive2 .swift */,
				BBDE96B228A114FE001FD545 /* almostIncreasingSequence.swift */,
				BBDE96B528A11645001FD545 /* matrixElementsSum.swift */,
			);
			path = "Edge of the Ocean";
			sourceTree = "<group>";
		};
		BBDE969F28A1105C001FD545 /* Edge of the Ocean Tests */ = {
			isa = PBXGroup;
			children = (
				BBDE96A228A1109C001FD545 /* adjacentElementsProductTests.swift */,
				BBDE96A928A11230001FD545 /* shapeAreaTests.swift */,
				BBDE96AE28A11417001FD545 /* MakeArrayConsecutive2Tests.swift */,
				BBDE96B028A114F7001FD545 /* almostIncreasingSequenceTests.swift */,
				BBDE96B828A1167B001FD545 /* matrixElementsSumTests.swift */,
			);
			path = "Edge of the Ocean Tests";
			sourceTree = "<group>";
		};
		BBDE96A428A111CB001FD545 /* Intro */ = {
			isa = PBXGroup;
			children = (
				BBDE96BA28A119F8001FD545 /* Smooth Sailing */,
				BBDE969B28A11030001FD545 /* Edge of the Ocean */,
				BB46D0F528A1081F00C19B38 /* The Journey Begins */,
			);
			path = Intro;
			sourceTree = "<group>";
		};
		BBDE96A528A111E3001FD545 /* Intro */ = {
			isa = PBXGroup;
			children = (
				BBDE96BB28A119FA001FD545 /* Smooth Sailing */,
				BBDE969F28A1105C001FD545 /* Edge of the Ocean Tests */,
				BB46D0F928A1087700C19B38 /* The Journey Begins Tests */,
			);
			path = Intro;
			sourceTree = "<group>";
		};
		BBDE96BA28A119F8001FD545 /* Smooth Sailing */ = {
			isa = PBXGroup;
			children = (
				BBDE96BF28A11A3B001FD545 /* AllLongestStrings.swift */,
				BBDE96C428A11C8D001FD545 /* commonCharacterCount.swift */,
				BBDE96C928A11E12001FD545 /* isLucky.swift */,
				BBDE96CE28A12110001FD545 /* SortByHeight .swift */,
			);
			path = "Smooth Sailing";
			sourceTree = "<group>";
		};
		BBDE96BB28A119FA001FD545 /* Smooth Sailing */ = {
			isa = PBXGroup;
			children = (
				BBDE96C228A11A85001FD545 /* AllLongestStringsTests.swift */,
				BBDE96C728A11D14001FD545 /* commonCharacterCountTests.swift */,
				BBDE96CC28A11E34001FD545 /* isLuckyTests.swift */,
				BBDE96D128A12125001FD545 /* SortByHeightTests.swift */,
			);
			path = "Smooth Sailing";
			sourceTree = "<group>";
		};
/* End PBXGroup section */

/* Begin PBXNativeTarget section */
		BB46D0D328A102D500C19B38 /* CodeSignal */ = {
			isa = PBXNativeTarget;
			buildConfigurationList = BB46D0DB28A102D500C19B38 /* Build configuration list for PBXNativeTarget "CodeSignal" */;
			buildPhases = (
				BB46D0D028A102D500C19B38 /* Sources */,
				BB46D0D128A102D500C19B38 /* Frameworks */,
				BB46D0D228A102D500C19B38 /* CopyFiles */,
			);
			buildRules = (
			);
			dependencies = (
			);
			name = CodeSignal;
			productName = CodeSignal;
			productReference = BB46D0D428A102D500C19B38 /* CodeSignal */;
			productType = "com.apple.product-type.tool";
		};
		BB46D0E328A1037500C19B38 /* CodeSignalTests */ = {
			isa = PBXNativeTarget;
			buildConfigurationList = BB46D0E828A1037500C19B38 /* Build configuration list for PBXNativeTarget "CodeSignalTests" */;
			buildPhases = (
				BB46D0E028A1037500C19B38 /* Sources */,
				BB46D0E128A1037500C19B38 /* Frameworks */,
				BB46D0E228A1037500C19B38 /* Resources */,
			);
			buildRules = (
			);
			dependencies = (
			);
			name = CodeSignalTests;
			productName = CodeSignalTests;
			productReference = BB46D0E428A1037500C19B38 /* CodeSignalTests.xctest */;
			productType = "com.apple.product-type.bundle.unit-test";
		};
/* End PBXNativeTarget section */

/* Begin PBXProject section */
		BB46D0CC28A102D500C19B38 /* Project object */ = {
			isa = PBXProject;
			attributes = {
				BuildIndependentTargetsInParallel = 1;
				LastSwiftUpdateCheck = 1340;
				LastUpgradeCheck = 1340;
				TargetAttributes = {
					BB46D0D328A102D500C19B38 = {
						CreatedOnToolsVersion = 13.4.1;
					};
					BB46D0E328A1037500C19B38 = {
						CreatedOnToolsVersion = 13.4.1;
					};
				};
			};
			buildConfigurationList = BB46D0CF28A102D500C19B38 /* Build configuration list for PBXProject "CodeSignal" */;
			compatibilityVersion = "Xcode 13.0";
			developmentRegion = en;
			hasScannedForEncodings = 0;
			knownRegions = (
				en,
				Base,
			);
			mainGroup = BB46D0CB28A102D500C19B38;
			productRefGroup = BB46D0D528A102D500C19B38 /* Products */;
			projectDirPath = "";
			projectRoot = "";
			targets = (
				BB46D0D328A102D500C19B38 /* CodeSignal */,
				BB46D0E328A1037500C19B38 /* CodeSignalTests */,
			);
		};
/* End PBXProject section */

/* Begin PBXResourcesBuildPhase section */
		BB46D0E228A1037500C19B38 /* Resources */ = {
			isa = PBXResourcesBuildPhase;
			buildActionMask = 2147483647;
			files = (
			);
			runOnlyForDeploymentPostprocessing = 0;
		};
/* End PBXResourcesBuildPhase section */

/* Begin PBXSourcesBuildPhase section */
		BB46D0D028A102D500C19B38 /* Sources */ = {
			isa = PBXSourcesBuildPhase;
			buildActionMask = 2147483647;
			files = (
				BBDE96A728A11209001FD545 /* shapeArea.swift in Sources */,
				BBDE96C028A11A3B001FD545 /* AllLongestStrings.swift in Sources */,
				BB46D0D828A102D500C19B38 /* main.swift in Sources */,
				BBDE969D28A1103B001FD545 /* adjacentElementsProduct.swift in Sources */,
				BBDE969928A10E40001FD545 /* checkPalindrome.swift in Sources */,
				BBDE96C528A11C8D001FD545 /* commonCharacterCount.swift in Sources */,
				BBDE96B628A11645001FD545 /* matrixElementsSum.swift in Sources */,
				BB46D0F728A1084E00C19B38 /* centuryFromYear.swift in Sources */,
				BBDE96CA28A11E12001FD545 /* isLucky.swift in Sources */,
				BBDE96B328A114FE001FD545 /* almostIncreasingSequence.swift in Sources */,
				BBDE96CF28A12110001FD545 /* SortByHeight .swift in Sources */,
				BBDE96AC28A113F7001FD545 /* MakeArrayConsecutive2 .swift in Sources */,
				BB46D0F328A1069A00C19B38 /* add.swift in Sources */,
			);
			runOnlyForDeploymentPostprocessing = 0;
		};
		BB46D0E028A1037500C19B38 /* Sources */ = {
			isa = PBXSourcesBuildPhase;
			buildActionMask = 2147483647;
			files = (
				BBDE96AA28A11230001FD545 /* shapeAreaTests.swift in Sources */,
				BBDE96D228A12125001FD545 /* SortByHeightTests.swift in Sources */,
				BBDE96C128A11A3B001FD545 /* AllLongestStrings.swift in Sources */,
				BBDE96CB28A11E12001FD545 /* isLucky.swift in Sources */,
				BBDE96C328A11A85001FD545 /* AllLongestStringsTests.swift in Sources */,
				BBDE96B928A1167B001FD545 /* matrixElementsSumTests.swift in Sources */,
				BBDE96B728A11645001FD545 /* matrixElementsSum.swift in Sources */,
				BBDE96CD28A11E34001FD545 /* isLuckyTests.swift in Sources */,
				BBDE96C628A11C8D001FD545 /* commonCharacterCount.swift in Sources */,
				BBDE96A328A1109C001FD545 /* adjacentElementsProductTests.swift in Sources */,
				BBDE96AF28A11417001FD545 /* MakeArrayConsecutive2Tests.swift in Sources */,
				BB46D0E728A1037500C19B38 /* addTests.swift in Sources */,
				BB552F4828A10C96008EC29A /* checkPalindromeTests.swift in Sources */,
				BBDE96B428A114FE001FD545 /* almostIncreasingSequence.swift in Sources */,
				BBDE96D028A12110001FD545 /* SortByHeight .swift in Sources */,
				BBDE96A828A11209001FD545 /* shapeArea.swift in Sources */,
				BBDE96C828A11D14001FD545 /* commonCharacterCountTests.swift in Sources */,
				BB46D0F828A1084E00C19B38 /* centuryFromYear.swift in Sources */,
				BBDE969A28A10E40001FD545 /* checkPalindrome.swift in Sources */,
				BB46D0F428A1069A00C19B38 /* add.swift in Sources */,
				BBDE96AD28A113F7001FD545 /* MakeArrayConsecutive2 .swift in Sources */,
				BB46D0FB28A108DA00C19B38 /* centuryFromYearTests.swift in Sources */,
				BBDE969E28A1103B001FD545 /* adjacentElementsProduct.swift in Sources */,
				BBDE96B128A114F7001FD545 /* almostIncreasingSequenceTests.swift in Sources */,
			);
			runOnlyForDeploymentPostprocessing = 0;
		};
/* End PBXSourcesBuildPhase section */

/* Begin XCBuildConfiguration section */
		BB46D0D928A102D500C19B38 /* Debug */ = {
			isa = XCBuildConfiguration;
			buildSettings = {
				ALWAYS_SEARCH_USER_PATHS = NO;
				CLANG_ANALYZER_NONNULL = YES;
				CLANG_ANALYZER_NUMBER_OBJECT_CONVERSION = YES_AGGRESSIVE;
				CLANG_CXX_LANGUAGE_STANDARD = "gnu++17";
				CLANG_ENABLE_MODULES = YES;
				CLANG_ENABLE_OBJC_ARC = YES;
				CLANG_ENABLE_OBJC_WEAK = YES;
				CLANG_WARN_BLOCK_CAPTURE_AUTORELEASING = YES;
				CLANG_WARN_BOOL_CONVERSION = YES;
				CLANG_WARN_COMMA = YES;
				CLANG_WARN_CONSTANT_CONVERSION = YES;
				CLANG_WARN_DEPRECATED_OBJC_IMPLEMENTATIONS = YES;
				CLANG_WARN_DIRECT_OBJC_ISA_USAGE = YES_ERROR;
				CLANG_WARN_DOCUMENTATION_COMMENTS = YES;
				CLANG_WARN_EMPTY_BODY = YES;
				CLANG_WARN_ENUM_CONVERSION = YES;
				CLANG_WARN_INFINITE_RECURSION = YES;
				CLANG_WARN_INT_CONVERSION = YES;
				CLANG_WARN_NON_LITERAL_NULL_CONVERSION = YES;
				CLANG_WARN_OBJC_IMPLICIT_RETAIN_SELF = YES;
				CLANG_WARN_OBJC_LITERAL_CONVERSION = YES;
				CLANG_WARN_OBJC_ROOT_CLASS = YES_ERROR;
				CLANG_WARN_QUOTED_INCLUDE_IN_FRAMEWORK_HEADER = YES;
				CLANG_WARN_RANGE_LOOP_ANALYSIS = YES;
				CLANG_WARN_STRICT_PROTOTYPES = YES;
				CLANG_WARN_SUSPICIOUS_MOVE = YES;
				CLANG_WARN_UNGUARDED_AVAILABILITY = YES_AGGRESSIVE;
				CLANG_WARN_UNREACHABLE_CODE = YES;
				CLANG_WARN__DUPLICATE_METHOD_MATCH = YES;
				COPY_PHASE_STRIP = NO;
				DEBUG_INFORMATION_FORMAT = dwarf;
				ENABLE_STRICT_OBJC_MSGSEND = YES;
				ENABLE_TESTABILITY = YES;
				GCC_C_LANGUAGE_STANDARD = gnu11;
				GCC_DYNAMIC_NO_PIC = NO;
				GCC_NO_COMMON_BLOCKS = YES;
				GCC_OPTIMIZATION_LEVEL = 0;
				GCC_PREPROCESSOR_DEFINITIONS = (
					"DEBUG=1",
					"$(inherited)",
				);
				GCC_WARN_64_TO_32_BIT_CONVERSION = YES;
				GCC_WARN_ABOUT_RETURN_TYPE = YES_ERROR;
				GCC_WARN_UNDECLARED_SELECTOR = YES;
				GCC_WARN_UNINITIALIZED_AUTOS = YES_AGGRESSIVE;
				GCC_WARN_UNUSED_FUNCTION = YES;
				GCC_WARN_UNUSED_VARIABLE = YES;
				MACOSX_DEPLOYMENT_TARGET = 12.3;
				MTL_ENABLE_DEBUG_INFO = INCLUDE_SOURCE;
				MTL_FAST_MATH = YES;
				ONLY_ACTIVE_ARCH = YES;
				SDKROOT = macosx;
				SWIFT_ACTIVE_COMPILATION_CONDITIONS = DEBUG;
				SWIFT_OPTIMIZATION_LEVEL = "-Onone";
			};
			name = Debug;
		};
		BB46D0DA28A102D500C19B38 /* Release */ = {
			isa = XCBuildConfiguration;
			buildSettings = {
				ALWAYS_SEARCH_USER_PATHS = NO;
				CLANG_ANALYZER_NONNULL = YES;
				CLANG_ANALYZER_NUMBER_OBJECT_CONVERSION = YES_AGGRESSIVE;
				CLANG_CXX_LANGUAGE_STANDARD = "gnu++17";
				CLANG_ENABLE_MODULES = YES;
				CLANG_ENABLE_OBJC_ARC = YES;
				CLANG_ENABLE_OBJC_WEAK = YES;
				CLANG_WARN_BLOCK_CAPTURE_AUTORELEASING = YES;
				CLANG_WARN_BOOL_CONVERSION = YES;
				CLANG_WARN_COMMA = YES;
				CLANG_WARN_CONSTANT_CONVERSION = YES;
				CLANG_WARN_DEPRECATED_OBJC_IMPLEMENTATIONS = YES;
				CLANG_WARN_DIRECT_OBJC_ISA_USAGE = YES_ERROR;
				CLANG_WARN_DOCUMENTATION_COMMENTS = YES;
				CLANG_WARN_EMPTY_BODY = YES;
				CLANG_WARN_ENUM_CONVERSION = YES;
				CLANG_WARN_INFINITE_RECURSION = YES;
				CLANG_WARN_INT_CONVERSION = YES;
				CLANG_WARN_NON_LITERAL_NULL_CONVERSION = YES;
				CLANG_WARN_OBJC_IMPLICIT_RETAIN_SELF = YES;
				CLANG_WARN_OBJC_LITERAL_CONVERSION = YES;
				CLANG_WARN_OBJC_ROOT_CLASS = YES_ERROR;
				CLANG_WARN_QUOTED_INCLUDE_IN_FRAMEWORK_HEADER = YES;
				CLANG_WARN_RANGE_LOOP_ANALYSIS = YES;
				CLANG_WARN_STRICT_PROTOTYPES = YES;
				CLANG_WARN_SUSPICIOUS_MOVE = YES;
				CLANG_WARN_UNGUARDED_AVAILABILITY = YES_AGGRESSIVE;
				CLANG_WARN_UNREACHABLE_CODE = YES;
				CLANG_WARN__DUPLICATE_METHOD_MATCH = YES;
				COPY_PHASE_STRIP = NO;
				DEBUG_INFORMATION_FORMAT = "dwarf-with-dsym";
				ENABLE_NS_ASSERTIONS = NO;
				ENABLE_STRICT_OBJC_MSGSEND = YES;
				GCC_C_LANGUAGE_STANDARD = gnu11;
				GCC_NO_COMMON_BLOCKS = YES;
				GCC_WARN_64_TO_32_BIT_CONVERSION = YES;
				GCC_WARN_ABOUT_RETURN_TYPE = YES_ERROR;
				GCC_WARN_UNDECLARED_SELECTOR = YES;
				GCC_WARN_UNINITIALIZED_AUTOS = YES_AGGRESSIVE;
				GCC_WARN_UNUSED_FUNCTION = YES;
				GCC_WARN_UNUSED_VARIABLE = YES;
				MACOSX_DEPLOYMENT_TARGET = 12.3;
				MTL_ENABLE_DEBUG_INFO = NO;
				MTL_FAST_MATH = YES;
				SDKROOT = macosx;
				SWIFT_COMPILATION_MODE = wholemodule;
				SWIFT_OPTIMIZATION_LEVEL = "-O";
			};
			name = Release;
		};
		BB46D0DC28A102D500C19B38 /* Debug */ = {
			isa = XCBuildConfiguration;
			buildSettings = {
				CODE_SIGN_STYLE = Automatic;
				DEVELOPMENT_TEAM = SF69972TN6;
				ENABLE_HARDENED_RUNTIME = YES;
				ONLY_ACTIVE_ARCH = YES;
				PRODUCT_NAME = "$(TARGET_NAME)";
				SWIFT_VERSION = 5.0;
			};
			name = Debug;
		};
		BB46D0DD28A102D500C19B38 /* Release */ = {
			isa = XCBuildConfiguration;
			buildSettings = {
				CODE_SIGN_STYLE = Automatic;
				DEVELOPMENT_TEAM = SF69972TN6;
				ENABLE_HARDENED_RUNTIME = YES;
				ONLY_ACTIVE_ARCH = YES;
				PRODUCT_NAME = "$(TARGET_NAME)";
				SWIFT_VERSION = 5.0;
			};
			name = Release;
		};
		BB46D0E928A1037500C19B38 /* Debug */ = {
			isa = XCBuildConfiguration;
			buildSettings = {
				CODE_SIGN_STYLE = Automatic;
				CURRENT_PROJECT_VERSION = 1;
				DEVELOPMENT_TEAM = SF69972TN6;
				GENERATE_INFOPLIST_FILE = YES;
				MARKETING_VERSION = 1.0;
				ONLY_ACTIVE_ARCH = YES;
				PRODUCT_BUNDLE_IDENTIFIER = com.SmK.CodeSignalTests;
				PRODUCT_NAME = "$(TARGET_NAME)";
				SWIFT_EMIT_LOC_STRINGS = NO;
				SWIFT_VERSION = 5.0;
			};
			name = Debug;
		};
		BB46D0EA28A1037500C19B38 /* Release */ = {
			isa = XCBuildConfiguration;
			buildSettings = {
				CODE_SIGN_STYLE = Automatic;
				CURRENT_PROJECT_VERSION = 1;
				DEVELOPMENT_TEAM = SF69972TN6;
				GENERATE_INFOPLIST_FILE = YES;
				MARKETING_VERSION = 1.0;
				ONLY_ACTIVE_ARCH = YES;
				PRODUCT_BUNDLE_IDENTIFIER = com.SmK.CodeSignalTests;
				PRODUCT_NAME = "$(TARGET_NAME)";
				SWIFT_EMIT_LOC_STRINGS = NO;
				SWIFT_VERSION = 5.0;
			};
			name = Release;
		};
/* End XCBuildConfiguration section */

/* Begin XCConfigurationList section */
		BB46D0CF28A102D500C19B38 /* Build configuration list for PBXProject "CodeSignal" */ = {
			isa = XCConfigurationList;
			buildConfigurations = (
				BB46D0D928A102D500C19B38 /* Debug */,
				BB46D0DA28A102D500C19B38 /* Release */,
			);
			defaultConfigurationIsVisible = 0;
			defaultConfigurationName = Release;
		};
		BB46D0DB28A102D500C19B38 /* Build configuration list for PBXNativeTarget "CodeSignal" */ = {
			isa = XCConfigurationList;
			buildConfigurations = (
				BB46D0DC28A102D500C19B38 /* Debug */,
				BB46D0DD28A102D500C19B38 /* Release */,
			);
			defaultConfigurationIsVisible = 0;
			defaultConfigurationName = Release;
		};
		BB46D0E828A1037500C19B38 /* Build configuration list for PBXNativeTarget "CodeSignalTests" */ = {
			isa = XCConfigurationList;
			buildConfigurations = (
				BB46D0E928A1037500C19B38 /* Debug */,
				BB46D0EA28A1037500C19B38 /* Release */,
			);
			defaultConfigurationIsVisible = 0;
			defaultConfigurationName = Release;
		};
/* End XCConfigurationList section */
	};
	rootObject = BB46D0CC28A102D500C19B38 /* Project object */;
}
